// !$*UTF8*$!
{
	archiveVersion = 1;
	classes = {
	};
	objectVersion = 50;
	objects = {

/* Begin PBXBuildFile section */
		ACBC2CD9246D477B005B9356 /* AppDelegate.swift in Sources */ = {isa = PBXBuildFile; fileRef = ACBC2CD8246D477B005B9356 /* AppDelegate.swift */; };
		ACBC2CDB246D477B005B9356 /* SceneDelegate.swift in Sources */ = {isa = PBXBuildFile; fileRef = ACBC2CDA246D477B005B9356 /* SceneDelegate.swift */; };
		ACBC2CDD246D477B005B9356 /* ViewController.swift in Sources */ = {isa = PBXBuildFile; fileRef = ACBC2CDC246D477B005B9356 /* ViewController.swift */; };
		ACBC2CE0246D477B005B9356 /* Main.storyboard in Resources */ = {isa = PBXBuildFile; fileRef = ACBC2CDE246D477B005B9356 /* Main.storyboard */; };
		ACBC2CE2246D4780005B9356 /* Assets.xcassets in Resources */ = {isa = PBXBuildFile; fileRef = ACBC2CE1246D4780005B9356 /* Assets.xcassets */; };
		ACBC2CE5246D4780005B9356 /* LaunchScreen.storyboard in Resources */ = {isa = PBXBuildFile; fileRef = ACBC2CE3246D4780005B9356 /* LaunchScreen.storyboard */; };
		ACBC2CED246D4A89005B9356 /* GoogleService-Info.plist in Resources */ = {isa = PBXBuildFile; fileRef = ACBC2CEC246D4A89005B9356 /* GoogleService-Info.plist */; };
		B9B27827CAD804693FFE4569 /* Pods_Auth_with_firebase.framework in Frameworks */ = {isa = PBXBuildFile; fileRef = 30F83B730218B8FF0703524F /* Pods_Auth_with_firebase.framework */; };
/* End PBXBuildFile section */

/* Begin PBXFileReference section */
		30F83B730218B8FF0703524F /* Pods_Auth_with_firebase.framework */ = {isa = PBXFileReference; explicitFileType = wrapper.framework; includeInIndex = 0; path = Pods_Auth_with_firebase.framework; sourceTree = BUILT_PRODUCTS_DIR; };
		518CFF98590F1A3DA1FC5F95 /* Pods-Auth_with_firebase.release.xcconfig */ = {isa = PBXFileReference; includeInIndex = 1; lastKnownFileType = text.xcconfig; name = "Pods-Auth_with_firebase.release.xcconfig"; path = "Target Support Files/Pods-Auth_with_firebase/Pods-Auth_with_firebase.release.xcconfig"; sourceTree = "<group>"; };
		7BA5559F879304CB74791533 /* Pods-Auth_with_firebase.debug.xcconfig */ = {isa = PBXFileReference; includeInIndex = 1; lastKnownFileType = text.xcconfig; name = "Pods-Auth_with_firebase.debug.xcconfig"; path = "Target Support Files/Pods-Auth_with_firebase/Pods-Auth_with_firebase.debug.xcconfig"; sourceTree = "<group>"; };
		ACBC2CD5246D477B005B9356 /* Auth_with_firebase.app */ = {isa = PBXFileReference; explicitFileType = wrapper.application; includeInIndex = 0; path = Auth_with_firebase.app; sourceTree = BUILT_PRODUCTS_DIR; };
		ACBC2CD8246D477B005B9356 /* AppDelegate.swift */ = {isa = PBXFileReference; lastKnownFileType = sourcecode.swift; path = AppDelegate.swift; sourceTree = "<group>"; };
		ACBC2CDA246D477B005B9356 /* SceneDelegate.swift */ = {isa = PBXFileReference; lastKnownFileType = sourcecode.swift; path = SceneDelegate.swift; sourceTree = "<group>"; };
		ACBC2CDC246D477B005B9356 /* ViewController.swift */ = {isa = PBXFileReference; lastKnownFileType = sourcecode.swift; path = ViewController.swift; sourceTree = "<group>"; };
		ACBC2CDF246D477B005B9356 /* Base */ = {isa = PBXFileReference; lastKnownFileType = file.storyboard; name = Base; path = Base.lproj/Main.storyboard; sourceTree = "<group>"; };
		ACBC2CE1246D4780005B9356 /* Assets.xcassets */ = {isa = PBXFileReference; lastKnownFileType = folder.assetcatalog; path = Assets.xcassets; sourceTree = "<group>"; };
		ACBC2CE4246D4780005B9356 /* Base */ = {isa = PBXFileReference; lastKnownFileType = file.storyboard; name = Base; path = Base.lproj/LaunchScreen.storyboard; sourceTree = "<group>"; };
		ACBC2CE6246D4780005B9356 /* Info.plist */ = {isa = PBXFileReference; lastKnownFileType = text.plist.xml; path = Info.plist; sourceTree = "<group>"; };
		ACBC2CEC246D4A89005B9356 /* GoogleService-Info.plist */ = {isa = PBXFileReference; fileEncoding = 4; lastKnownFileType = text.plist.xml; path = "GoogleService-Info.plist"; sourceTree = "<group>"; };
/* End PBXFileReference section */

/* Begin PBXFrameworksBuildPhase section */
		ACBC2CD2246D477B005B9356 /* Frameworks */ = {
			isa = PBXFrameworksBuildPhase;
			buildActionMask = 2147483647;
			files = (
				B9B27827CAD804693FFE4569 /* Pods_Auth_with_firebase.framework in Frameworks */,
			);
			runOnlyForDeploymentPostprocessing = 0;
		};
/* End PBXFrameworksBuildPhase section */

/* Begin PBXGroup section */
		75B51D76A0126866BF4F2268 /* Frameworks */ = {
			isa = PBXGroup;
			children = (
				30F83B730218B8FF0703524F /* Pods_Auth_with_firebase.framework */,
			);
			name = Frameworks;
			sourceTree = "<group>";
		};
		ACBC2CCC246D477B005B9356 = {
			isa = PBXGroup;
			children = (
				ACBC2CD7246D477B005B9356 /* Auth_with_firebase */,
				ACBC2CD6246D477B005B9356 /* Products */,
				E7F5770A911BB8E356DE3376 /* Pods */,
				75B51D76A0126866BF4F2268 /* Frameworks */,
			);
			sourceTree = "<group>";
		};
		ACBC2CD6246D477B005B9356 /* Products */ = {
			isa = PBXGroup;
			children = (
				ACBC2CD5246D477B005B9356 /* Auth_with_firebase.app */,
			);
			name = Products;
			sourceTree = "<group>";
		};
		ACBC2CD7246D477B005B9356 /* Auth_with_firebase */ = {
			isa = PBXGroup;
			children = (
				ACBC2CEC246D4A89005B9356 /* GoogleService-Info.plist */,
				ACBC2CD8246D477B005B9356 /* AppDelegate.swift */,
				ACBC2CDA246D477B005B9356 /* SceneDelegate.swift */,
				ACBC2CDC246D477B005B9356 /* ViewController.swift */,
				ACBC2CDE246D477B005B9356 /* Main.storyboard */,
				ACBC2CE1246D4780005B9356 /* Assets.xcassets */,
				ACBC2CE3246D4780005B9356 /* LaunchScreen.storyboard */,
				ACBC2CE6246D4780005B9356 /* Info.plist */,
			);
			path = Auth_with_firebase;
			sourceTree = "<group>";
		};
		E7F5770A911BB8E356DE3376 /* Pods */ = {
			isa = PBXGroup;
			children = (
				7BA5559F879304CB74791533 /* Pods-Auth_with_firebase.debug.xcconfig */,
				518CFF98590F1A3DA1FC5F95 /* Pods-Auth_with_firebase.release.xcconfig */,
			);
			name = Pods;
			path = Pods;
			sourceTree = "<group>";
		};
/* End PBXGroup section */

/* Begin PBXNativeTarget section */
		ACBC2CD4246D477B005B9356 /* Auth_with_firebase */ = {
			isa = PBXNativeTarget;
			buildConfigurationList = ACBC2CE9246D4780005B9356 /* Build configuration list for PBXNativeTarget "Auth_with_firebase" */;
			buildPhases = (
				DA35E1D4CCFFD1B5849F8B32 /* [CP] Check Pods Manifest.lock */,
				ACBC2CD1246D477B005B9356 /* Sources */,
				ACBC2CD2246D477B005B9356 /* Frameworks */,
				ACBC2CD3246D477B005B9356 /* Resources */,
				9540C207773F525B5A80D591 /* [CP] Embed Pods Frameworks */,
			);
			buildRules = (
			);
			dependencies = (
			);
			name = Auth_with_firebase;
			productName = Auth_with_firebase;
			productReference = ACBC2CD5246D477B005B9356 /* Auth_with_firebase.app */;
			productType = "com.apple.product-type.application";
		};
/* End PBXNativeTarget section */

/* Begin PBXProject section */
		ACBC2CCD246D477B005B9356 /* Project object */ = {
			isa = PBXProject;
			attributes = {
				LastSwiftUpdateCheck = 1140;
				LastUpgradeCheck = 1140;
				ORGANIZATIONNAME = "Maxim Granchenko";
				TargetAttributes = {
					ACBC2CD4246D477B005B9356 = {
						CreatedOnToolsVersion = 11.4.1;
					};
				};
			};
			buildConfigurationList = ACBC2CD0246D477B005B9356 /* Build configuration list for PBXProject "Auth_with_firebase" */;
			compatibilityVersion = "Xcode 9.3";
			developmentRegion = en;
			hasScannedForEncodings = 0;
			knownRegions = (
				en,
				Base,
			);
			mainGroup = ACBC2CCC246D477B005B9356;
			productRefGroup = ACBC2CD6246D477B005B9356 /* Products */;
			projectDirPath = "";
			projectRoot = "";
			targets = (
				ACBC2CD4246D477B005B9356 /* Auth_with_firebase */,
			);
		};
/* End PBXProject section */

/* Begin PBXResourcesBuildPhase section */
		ACBC2CD3246D477B005B9356 /* Resources */ = {
			isa = PBXResourcesBuildPhase;
			buildActionMask = 2147483647;
			files = (
				ACBC2CE5246D4780005B9356 /* LaunchScreen.storyboard in Resources */,
				ACBC2CED246D4A89005B9356 /* GoogleService-Info.plist in Resources */,
				ACBC2CE2246D4780005B9356 /* Assets.xcassets in Resources */,
				ACBC2CE0246D477B005B9356 /* Main.storyboard in Resources */,
			);
			runOnlyForDeploymentPostprocessing = 0;
		};
/* End PBXResourcesBuildPhase section */

/* Begin PBXShellScriptBuildPhase section */
		9540C207773F525B5A80D591 /* [CP] Embed Pods Frameworks */ = {
			isa = PBXShellScriptBuildPhase;
			buildActionMask = 2147483647;
			files = (
			);
			inputFileListPaths = (
				"${PODS_ROOT}/Target Support Files/Pods-Auth_with_firebase/Pods-Auth_with_firebase-frameworks-${CONFIGURATION}-input-files.xcfilelist",
			);
			name = "[CP] Embed Pods Frameworks";
			outputFileListPaths = (
				"${PODS_ROOT}/Target Support Files/Pods-Auth_with_firebase/Pods-Auth_with_firebase-frameworks-${CONFIGURATION}-output-files.xcfilelist",
			);
			runOnlyForDeploymentPostprocessing = 0;
			shellPath = /bin/sh;
			shellScript = "\"${PODS_ROOT}/Target Support Files/Pods-Auth_with_firebase/Pods-Auth_with_firebase-frameworks.sh\"\n";
			showEnvVarsInLog = 0;
		};
		DA35E1D4CCFFD1B5849F8B32 /* [CP] Check Pods Manifest.lock */ = {
			isa = PBXShellScriptBuildPhase;
			buildActionMask = 2147483647;
			files = (
			);
			inputFileListPaths = (
			);
			inputPaths = (
				"${PODS_PODFILE_DIR_PATH}/Podfile.lock",
				"${PODS_ROOT}/Manifest.lock",
			);
			name = "[CP] Check Pods Manifest.lock";
			outputFileListPaths = (
			);
			outputPaths = (
				"$(DERIVED_FILE_DIR)/Pods-Auth_with_firebase-checkManifestLockResult.txt",
			);
			runOnlyForDeploymentPostprocessing = 0;
			shellPath = /bin/sh;
			shellScript = "diff \"${PODS_PODFILE_DIR_PATH}/Podfile.lock\" \"${PODS_ROOT}/Manifest.lock\" > /dev/null\nif [ $? != 0 ] ; then\n    # print error to STDERR\n    echo \"error: The sandbox is not in sync with the Podfile.lock. Run 'pod install' or update your CocoaPods installation.\" >&2\n    exit 1\nfi\n# This output is used by Xcode 'outputs' to avoid re-running this script phase.\necho \"SUCCESS\" > \"${SCRIPT_OUTPUT_FILE_0}\"\n";
			showEnvVarsInLog = 0;
		};
/* End PBXShellScriptBuildPhase section */

/* Begin PBXSourcesBuildPhase section */
		ACBC2CD1246D477B005B9356 /* Sources */ = {
			isa = PBXSourcesBuildPhase;
			buildActionMask = 2147483647;
			files = (
				ACBC2CDD246D477B005B9356 /* ViewController.swift in Sources */,
				ACBC2CD9246D477B005B9356 /* AppDelegate.swift in Sources */,
				ACBC2CDB246D477B005B9356 /* SceneDelegate.swift in Sources */,
			);
			runOnlyForDeploymentPostprocessing = 0;
		};
/* End PBXSourcesBuildPhase section */

/* Begin PBXVariantGroup section */
		ACBC2CDE246D477B005B9356 /* Main.storyboard */ = {
			isa = PBXVariantGroup;
			children = (
				ACBC2CDF246D477B005B9356 /* Base */,
			);
			name = Main.storyboard;
			sourceTree = "<group>";
		};
		ACBC2CE3246D4780005B9356 /* LaunchScreen.storyboard */ = {
			isa = PBXVariantGroup;
			children = (
				ACBC2CE4246D4780005B9356 /* Base */,
			);
			name = LaunchScreen.storyboard;
			sourceTree = "<group>";
		};
/* End PBXVariantGroup section */

/* Begin XCBuildConfiguration section */
		ACBC2CE7246D4780005B9356 /* Debug */ = {
			isa = XCBuildConfiguration;
			buildSettings = {
				ALWAYS_SEARCH_USER_PATHS = NO;
				CLANG_ANALYZER_NONNULL = YES;
				CLANG_ANALYZER_NUMBER_OBJECT_CONVERSION = YES_AGGRESSIVE;
				CLANG_CXX_LANGUAGE_STANDARD = "gnu++14";
				CLANG_CXX_LIBRARY = "libc++";
				CLANG_ENABLE_MODULES = YES;
				CLANG_ENABLE_OBJC_ARC = YES;
				CLANG_ENABLE_OBJC_WEAK = YES;
				CLANG_WARN_BLOCK_CAPTURE_AUTORELEASING = YES;
				CLANG_WARN_BOOL_CONVERSION = YES;
				CLANG_WARN_COMMA = YES;
				CLANG_WARN_CONSTANT_CONVERSION = YES;
				CLANG_WARN_DEPRECATED_OBJC_IMPLEMENTATIONS = YES;
				CLANG_WARN_DIRECT_OBJC_ISA_USAGE = YES_ERROR;
				CLANG_WARN_DOCUMENTATION_COMMENTS = YES;
				CLANG_WARN_EMPTY_BODY = YES;
				CLANG_WARN_ENUM_CONVERSION = YES;
				CLANG_WARN_INFINITE_RECURSION = YES;
				CLANG_WARN_INT_CONVERSION = YES;
				CLANG_WARN_NON_LITERAL_NULL_CONVERSION = YES;
				CLANG_WARN_OBJC_IMPLICIT_RETAIN_SELF = YES;
				CLANG_WARN_OBJC_LITERAL_CONVERSION = YES;
				CLANG_WARN_OBJC_ROOT_CLASS = YES_ERROR;
				CLANG_WARN_RANGE_LOOP_ANALYSIS = YES;
				CLANG_WARN_STRICT_PROTOTYPES = YES;
				CLANG_WARN_SUSPICIOUS_MOVE = YES;
				CLANG_WARN_UNGUARDED_AVAILABILITY = YES_AGGRESSIVE;
				CLANG_WARN_UNREACHABLE_CODE = YES;
				CLANG_WARN__DUPLICATE_METHOD_MATCH = YES;
				COPY_PHASE_STRIP = NO;
				DEBUG_INFORMATION_FORMAT = dwarf;
				ENABLE_STRICT_OBJC_MSGSEND = YES;
				ENABLE_TESTABILITY = YES;
				GCC_C_LANGUAGE_STANDARD = gnu11;
				GCC_DYNAMIC_NO_PIC = NO;
				GCC_NO_COMMON_BLOCKS = YES;
				GCC_OPTIMIZATION_LEVEL = 0;
				GCC_PREPROCESSOR_DEFINITIONS = (
					"DEBUG=1",
					"$(inherited)",
				);
				GCC_WARN_64_TO_32_BIT_CONVERSION = YES;
				GCC_WARN_ABOUT_RETURN_TYPE = YES_ERROR;
				GCC_WARN_UNDECLARED_SELECTOR = YES;
				GCC_WARN_UNINITIALIZED_AUTOS = YES_AGGRESSIVE;
				GCC_WARN_UNUSED_FUNCTION = YES;
				GCC_WARN_UNUSED_VARIABLE = YES;
				IPHONEOS_DEPLOYMENT_TARGET = 13.4;
				MTL_ENABLE_DEBUG_INFO = INCLUDE_SOURCE;
				MTL_FAST_MATH = YES;
				ONLY_ACTIVE_ARCH = YES;
				SDKROOT = iphoneos;
				SWIFT_ACTIVE_COMPILATION_CONDITIONS = DEBUG;
				SWIFT_OPTIMIZATION_LEVEL = "-Onone";
			};
			name = Debug;
		};
		ACBC2CE8246D4780005B9356 /* Release */ = {
			isa = XCBuildConfiguration;
			buildSettings = {
				ALWAYS_SEARCH_USER_PATHS = NO;
				CLANG_ANALYZER_NONNULL = YES;
				CLANG_ANALYZER_NUMBER_OBJECT_CONVERSION = YES_AGGRESSIVE;
				CLANG_CXX_LANGUAGE_STANDARD = "gnu++14";
				CLANG_CXX_LIBRARY = "libc++";
				CLANG_ENABLE_MODULES = YES;
				CLANG_ENABLE_OBJC_ARC = YES;
				CLANG_ENABLE_OBJC_WEAK = YES;
				CLANG_WARN_BLOCK_CAPTURE_AUTORELEASING = YES;
				CLANG_WARN_BOOL_CONVERSION = YES;
				CLANG_WARN_COMMA = YES;
				CLANG_WARN_CONSTANT_CONVERSION = YES;
				CLANG_WARN_DEPRECATED_OBJC_IMPLEMENTATIONS = YES;
				CLANG_WARN_DIRECT_OBJC_ISA_USAGE = YES_ERROR;
				CLANG_WARN_DOCUMENTATION_COMMENTS = YES;
				CLANG_WARN_EMPTY_BODY = YES;
				CLANG_WARN_ENUM_CONVERSION = YES;
				CLANG_WARN_INFINITE_RECURSION = YES;
				CLANG_WARN_INT_CONVERSION = YES;
				CLANG_WARN_NON_LITERAL_NULL_CONVERSION = YES;
				CLANG_WARN_OBJC_IMPLICIT_RETAIN_SELF = YES;
				CLANG_WARN_OBJC_LITERAL_CONVERSION = YES;
				CLANG_WARN_OBJC_ROOT_CLASS = YES_ERROR;
				CLANG_WARN_RANGE_LOOP_ANALYSIS = YES;
				CLANG_WARN_STRICT_PROTOTYPES = YES;
				CLANG_WARN_SUSPICIOUS_MOVE = YES;
				CLANG_WARN_UNGUARDED_AVAILABILITY = YES_AGGRESSIVE;
				CLANG_WARN_UNREACHABLE_CODE = YES;
				CLANG_WARN__DUPLICATE_METHOD_MATCH = YES;
				COPY_PHASE_STRIP = NO;
				DEBUG_INFORMATION_FORMAT = "dwarf-with-dsym";
				ENABLE_NS_ASSERTIONS = NO;
				ENABLE_STRICT_OBJC_MSGSEND = YES;
				GCC_C_LANGUAGE_STANDARD = gnu11;
				GCC_NO_COMMON_BLOCKS = YES;
				GCC_WARN_64_TO_32_BIT_CONVERSION = YES;
				GCC_WARN_ABOUT_RETURN_TYPE = YES_ERROR;
				GCC_WARN_UNDECLARED_SELECTOR = YES;
				GCC_WARN_UNINITIALIZED_AUTOS = YES_AGGRESSIVE;
				GCC_WARN_UNUSED_FUNCTION = YES;
				GCC_WARN_UNUSED_VARIABLE = YES;
				IPHONEOS_DEPLOYMENT_TARGET = 13.4;
				MTL_ENABLE_DEBUG_INFO = NO;
				MTL_FAST_MATH = YES;
				SDKROOT = iphoneos;
				SWIFT_COMPILATION_MODE = wholemodule;
				SWIFT_OPTIMIZATION_LEVEL = "-O";
				VALIDATE_PRODUCT = YES;
			};
			name = Release;
		};
		ACBC2CEA246D4780005B9356 /* Debug */ = {
			isa = XCBuildConfiguration;
			baseConfigurationReference = 7BA5559F879304CB74791533 /* Pods-Auth_with_firebase.debug.xcconfig */;
			buildSettings = {
				ASSETCATALOG_COMPILER_APPICON_NAME = AppIcon;
				CODE_SIGN_STYLE = Automatic;
				DEVELOPMENT_TEAM = R4XB56HC9M;
				INFOPLIST_FILE = Auth_with_firebase/Info.plist;
				LD_RUNPATH_SEARCH_PATHS = (
					"$(inherited)",
					"@executable_path/Frameworks",
				);
				PRODUCT_BUNDLE_IDENTIFIER = "iMaxiOS.Auth-with-firebase";
				PRODUCT_NAME = "$(TARGET_NAME)";
				SWIFT_VERSION = 5.0;
				TARGETED_DEVICE_FAMILY = 1;
			};
			name = Debug;
		};
		ACBC2CEB246D4780005B9356 /* Release */ = {
			isa = XCBuildConfiguration;
			baseConfigurationReference = 518CFF98590F1A3DA1FC5F95 /* Pods-Auth_with_firebase.release.xcconfig */;
			buildSettings = {
				ASSETCATALOG_COMPILER_APPICON_NAME = AppIcon;
				CODE_SIGN_STYLE = Automatic;
				DEVELOPMENT_TEAM = R4XB56HC9M;
				INFOPLIST_FILE = Auth_with_firebase/Info.plist;
				LD_RUNPATH_SEARCH_PATHS = (
					"$(inherited)",
					"@executable_path/Frameworks",
				);
				PRODUCT_BUNDLE_IDENTIFIER = "iMaxiOS.Auth-with-firebase";
				PRODUCT_NAME = "$(TARGET_NAME)";
				SWIFT_VERSION = 5.0;
				TARGETED_DEVICE_FAMILY = 1;
			};
			name = Release;
		};
/* End XCBuildConfiguration section */

/* Begin XCConfigurationList section */
		ACBC2CD0246D477B005B9356 /* Build configuration list for PBXProject "Auth_with_firebase" */ = {
			isa = XCConfigurationList;
			buildConfigurations = (
				ACBC2CE7246D4780005B9356 /* Debug */,
				ACBC2CE8246D4780005B9356 /* Release */,
			);
			defaultConfigurationIsVisible = 0;
			defaultConfigurationName = Release;
		};
		ACBC2CE9246D4780005B9356 /* Build configuration list for PBXNativeTarget "Auth_with_firebase" */ = {
			isa = XCConfigurationList;
			buildConfigurations = (
				ACBC2CEA246D4780005B9356 /* Debug */,
				ACBC2CEB246D4780005B9356 /* Release */,
			);
			defaultConfigurationIsVisible = 0;
			defaultConfigurationName = Release;
		};
/* End XCConfigurationList section */
	};
	rootObject = ACBC2CCD246D477B005B9356 /* Project object */;
}
